
Microsoft Visual Studio Solution File, Format Version 12.00
# Visual Studio 2013
VisualStudioVersion = 12.0.21005.1
MinimumVisualStudioVersion = 10.0.40219.1
Project("{FAE04EC0-301F-11D3-BF4B-00C04F79EFBC}") = "tcp", "tcp\tcp.csproj", "{A6366791-6B52-4386-A3EF-1FC47CA8AEE2}"
EndProject
Project("{FAE04EC0-301F-11D3-BF4B-00C04F79EFBC}") = "server", "server\server.csproj", "{E5588B8F-980F-4656-B63A-D908B99950A8}"
EndProject
Project("{FAE04EC0-301F-11D3-BF4B-00C04F79EFBC}") = "client", "client\client.csproj", "{65539D04-2C12-44BE-BEF1-186431269013}"
EndProject
Global
	GlobalSection(SolutionConfigurationPlatforms) = preSolution
		Debug|Any CPU = Debug|Any CPU
		Release|Any CPU = Release|Any CPU
	EndGlobalSection
	GlobalSection(ProjectConfigurationPlatforms) = postSolution
		{A6366791-6B52-4386-A3EF-1FC47CA8AEE2}.Debug|Any CPU.ActiveCfg = Debug|Any CPU
		{A6366791-6B52-4386-A3EF-1FC47CA8AEE2}.Debug|Any CPU.Build.0 = Debug|Any CPU
		{A6366791-6B52-4386-A3EF-1FC47CA8AEE2}.Release|Any CPU.ActiveCfg = Release|Any CPU
		{A6366791-6B52-4386-A3EF-1FC47CA8AEE2}.Release|Any CPU.Build.0 = Release|Any CPU
		{E5588B8F-980F-4656-B63A-D908B99950A8}.Debug|Any CPU.ActiveCfg = Debug|Any CPU
		{E5588B8F-980F-4656-B63A-D908B99950A8}.Debug|Any CPU.Build.0 = Debug|Any CPU
		{E5588B8F-980F-4656-B63A-D908B99950A8}.Release|Any CPU.ActiveCfg = Release|Any CPU
		{E5588B8F-980F-4656-B63A-D908B99950A8}.Release|Any CPU.Build.0 = Release|Any CPU
		{65539D04-2C12-44BE-BEF1-186431269013}.Debug|Any CPU.ActiveCfg = Debug|Any CPU
		{65539D04-2C12-44BE-BEF1-186431269013}.Debug|Any CPU.Build.0 = Debug|Any CPU
		{65539D04-2C12-44BE-BEF1-186431269013}.Release|Any CPU.ActiveCfg = Release|Any CPU
		{65539D04-2C12-44BE-BEF1-186431269013}.Release|Any CPU.Build.0 = Release|Any CPU
	EndGlobalSection
	GlobalSection(SolutionProperties) = preSolution
		HideSolutionNode = FALSE
	EndGlobalSection
EndGlobal
